
Microsoft Visual Studio Solution File, Format Version 12.00
# Visual Studio Version 17
VisualStudioVersion = 17.9.34902.65
MinimumVisualStudioVersion = 10.0.40219.1
Project("{FAE04EC0-301F-11D3-BF4B-00C04F79EFBC}") = "gjghjgh", "gjghjgh\gjghjgh.csproj", "{A69B1611-167E-48F1-9653-208A03C96122}"
EndProject
Global
	GlobalSection(SolutionConfigurationPlatforms) = preSolution
		Debug|Any CPU = Debug|Any CPU
		Release|Any CPU = Release|Any CPU
	EndGlobalSection
	GlobalSection(ProjectConfigurationPlatforms) = postSolution
		{A69B1611-167E-48F1-9653-208A03C96122}.Debug|Any CPU.ActiveCfg = Debug|Any CPU
		{A69B1611-167E-48F1-9653-208A03C96122}.Debug|Any CPU.Build.0 = Debug|Any CPU
		{A69B1611-167E-48F1-9653-208A03C96122}.Release|Any CPU.ActiveCfg = Release|Any CPU
		{A69B1611-167E-48F1-9653-208A03C96122}.Release|Any CPU.Build.0 = Release|Any CPU
	EndGlobalSection
	GlobalSection(SolutionProperties) = preSolution
		HideSolutionNode = FALSE
	EndGlobalSection
	GlobalSection(ExtensibilityGlobals) = postSolution
		SolutionGuid = {02AE4AB9-852A-4999-8D57-B59621FB93BF}
	EndGlobalSection
EndGlobal
